// !$*UTF8*$!
{
	archiveVersion = 1;
	classes = {
	};
	objectVersion = 50;
	objects = {

/* Begin PBXBuildFile section */
		E9FF9E0226E9195B009F20AC /* AppDelegate.swift in Sources */ = {isa = PBXBuildFile; fileRef = E9FF9E0126E9195B009F20AC /* AppDelegate.swift */; };
		E9FF9E0426E9195B009F20AC /* SceneDelegate.swift in Sources */ = {isa = PBXBuildFile; fileRef = E9FF9E0326E9195B009F20AC /* SceneDelegate.swift */; };
		E9FF9E0926E9195B009F20AC /* Main.storyboard in Resources */ = {isa = PBXBuildFile; fileRef = E9FF9E0726E9195B009F20AC /* Main.storyboard */; };
		E9FF9E0B26E9195D009F20AC /* Assets.xcassets in Resources */ = {isa = PBXBuildFile; fileRef = E9FF9E0A26E9195D009F20AC /* Assets.xcassets */; };
		E9FF9E0E26E9195D009F20AC /* LaunchScreen.storyboard in Resources */ = {isa = PBXBuildFile; fileRef = E9FF9E0C26E9195D009F20AC /* LaunchScreen.storyboard */; };
		E9FF9E1A26E92104009F20AC /* TabBarViewController.swift in Sources */ = {isa = PBXBuildFile; fileRef = E9FF9E1926E92104009F20AC /* TabBarViewController.swift */; };
		E9FF9E1D26E9217C009F20AC /* Person.swift in Sources */ = {isa = PBXBuildFile; fileRef = E9FF9E1C26E9217C009F20AC /* Person.swift */; };
		E9FF9E2026E92287009F20AC /* DataManager.swift in Sources */ = {isa = PBXBuildFile; fileRef = E9FF9E1F26E92287009F20AC /* DataManager.swift */; };
		E9FF9E2226E92CB9009F20AC /* ContactListViewController.swift in Sources */ = {isa = PBXBuildFile; fileRef = E9FF9E2126E92CB9009F20AC /* ContactListViewController.swift */; };
		E9FF9E2426E92CFC009F20AC /* ExtendedContactListViewController.swift in Sources */ = {isa = PBXBuildFile; fileRef = E9FF9E2326E92CFC009F20AC /* ExtendedContactListViewController.swift */; };
		E9FF9E2626E942C7009F20AC /* PersonInfoViewController.swift in Sources */ = {isa = PBXBuildFile; fileRef = E9FF9E2526E942C7009F20AC /* PersonInfoViewController.swift */; };
/* End PBXBuildFile section */

/* Begin PBXFileReference section */
		E9FF9DFE26E9195B009F20AC /* ContactList.app */ = {isa = PBXFileReference; explicitFileType = wrapper.application; includeInIndex = 0; path = ContactList.app; sourceTree = BUILT_PRODUCTS_DIR; };
		E9FF9E0126E9195B009F20AC /* AppDelegate.swift */ = {isa = PBXFileReference; lastKnownFileType = sourcecode.swift; path = AppDelegate.swift; sourceTree = "<group>"; };
		E9FF9E0326E9195B009F20AC /* SceneDelegate.swift */ = {isa = PBXFileReference; lastKnownFileType = sourcecode.swift; path = SceneDelegate.swift; sourceTree = "<group>"; };
		E9FF9E0826E9195B009F20AC /* Base */ = {isa = PBXFileReference; lastKnownFileType = file.storyboard; name = Base; path = Base.lproj/Main.storyboard; sourceTree = "<group>"; };
		E9FF9E0A26E9195D009F20AC /* Assets.xcassets */ = {isa = PBXFileReference; lastKnownFileType = folder.assetcatalog; path = Assets.xcassets; sourceTree = "<group>"; };
		E9FF9E0D26E9195D009F20AC /* Base */ = {isa = PBXFileReference; lastKnownFileType = file.storyboard; name = Base; path = Base.lproj/LaunchScreen.storyboard; sourceTree = "<group>"; };
		E9FF9E0F26E9195D009F20AC /* Info.plist */ = {isa = PBXFileReference; lastKnownFileType = text.plist.xml; path = Info.plist; sourceTree = "<group>"; };
		E9FF9E1926E92104009F20AC /* TabBarViewController.swift */ = {isa = PBXFileReference; lastKnownFileType = sourcecode.swift; path = TabBarViewController.swift; sourceTree = "<group>"; };
		E9FF9E1C26E9217C009F20AC /* Person.swift */ = {isa = PBXFileReference; lastKnownFileType = sourcecode.swift; path = Person.swift; sourceTree = "<group>"; };
		E9FF9E1F26E92287009F20AC /* DataManager.swift */ = {isa = PBXFileReference; lastKnownFileType = sourcecode.swift; path = DataManager.swift; sourceTree = "<group>"; };
		E9FF9E2126E92CB9009F20AC /* ContactListViewController.swift */ = {isa = PBXFileReference; lastKnownFileType = sourcecode.swift; path = ContactListViewController.swift; sourceTree = "<group>"; };
		E9FF9E2326E92CFC009F20AC /* ExtendedContactListViewController.swift */ = {isa = PBXFileReference; lastKnownFileType = sourcecode.swift; path = ExtendedContactListViewController.swift; sourceTree = "<group>"; };
		E9FF9E2526E942C7009F20AC /* PersonInfoViewController.swift */ = {isa = PBXFileReference; lastKnownFileType = sourcecode.swift; path = PersonInfoViewController.swift; sourceTree = "<group>"; };
/* End PBXFileReference section */

/* Begin PBXFrameworksBuildPhase section */
		E9FF9DFB26E9195B009F20AC /* Frameworks */ = {
			isa = PBXFrameworksBuildPhase;
			buildActionMask = 2147483647;
			files = (
			);
			runOnlyForDeploymentPostprocessing = 0;
		};
/* End PBXFrameworksBuildPhase section */

/* Begin PBXGroup section */
		E9FF9DF526E9195B009F20AC = {
			isa = PBXGroup;
			children = (
				E9FF9E0026E9195B009F20AC /* ContactList */,
				E9FF9DFF26E9195B009F20AC /* Products */,
			);
			sourceTree = "<group>";
		};
		E9FF9DFF26E9195B009F20AC /* Products */ = {
			isa = PBXGroup;
			children = (
				E9FF9DFE26E9195B009F20AC /* ContactList.app */,
			);
			name = Products;
			sourceTree = "<group>";
		};
		E9FF9E0026E9195B009F20AC /* ContactList */ = {
			isa = PBXGroup;
			children = (
				E9FF9E1E26E92268009F20AC /* Service */,
				E9FF9E1B26E92160009F20AC /* Models */,
				E9FF9E1526E91990009F20AC /* App */,
				E9FF9E1626E919D1009F20AC /* ViewControllers */,
				E9FF9E1826E919F5009F20AC /* Storyboards */,
				E9FF9E1726E919E2009F20AC /* Resources */,
			);
			path = ContactList;
			sourceTree = "<group>";
		};
		E9FF9E1526E91990009F20AC /* App */ = {
			isa = PBXGroup;
			children = (
				E9FF9E0F26E9195D009F20AC /* Info.plist */,
				E9FF9E0126E9195B009F20AC /* AppDelegate.swift */,
				E9FF9E0326E9195B009F20AC /* SceneDelegate.swift */,
			);
			path = App;
			sourceTree = "<group>";
		};
		E9FF9E1626E919D1009F20AC /* ViewControllers */ = {
			isa = PBXGroup;
			children = (
				E9FF9E1926E92104009F20AC /* TabBarViewController.swift */,
				E9FF9E2126E92CB9009F20AC /* ContactListViewController.swift */,
				E9FF9E2326E92CFC009F20AC /* ExtendedContactListViewController.swift */,
				E9FF9E2526E942C7009F20AC /* PersonInfoViewController.swift */,
			);
			path = ViewControllers;
			sourceTree = "<group>";
		};
		E9FF9E1726E919E2009F20AC /* Resources */ = {
			isa = PBXGroup;
			children = (
				E9FF9E0A26E9195D009F20AC /* Assets.xcassets */,
			);
			path = Resources;
			sourceTree = "<group>";
		};
		E9FF9E1826E919F5009F20AC /* Storyboards */ = {
			isa = PBXGroup;
			children = (
				E9FF9E0726E9195B009F20AC /* Main.storyboard */,
				E9FF9E0C26E9195D009F20AC /* LaunchScreen.storyboard */,
			);
			path = Storyboards;
			sourceTree = "<group>";
		};
		E9FF9E1B26E92160009F20AC /* Models */ = {
			isa = PBXGroup;
			children = (
				E9FF9E1C26E9217C009F20AC /* Person.swift */,
			);
			path = Models;
			sourceTree = "<group>";
		};
		E9FF9E1E26E92268009F20AC /* Service */ = {
			isa = PBXGroup;
			children = (
				E9FF9E1F26E92287009F20AC /* DataManager.swift */,
			);
			path = Service;
			sourceTree = "<group>";
		};
/* End PBXGroup section */

/* Begin PBXNativeTarget section */
		E9FF9DFD26E9195B009F20AC /* ContactList */ = {
			isa = PBXNativeTarget;
			buildConfigurationList = E9FF9E1226E9195D009F20AC /* Build configuration list for PBXNativeTarget "ContactList" */;
			buildPhases = (
				E9FF9DFA26E9195B009F20AC /* Sources */,
				E9FF9DFB26E9195B009F20AC /* Frameworks */,
				E9FF9DFC26E9195B009F20AC /* Resources */,
			);
			buildRules = (
			);
			dependencies = (
			);
			name = ContactList;
			productName = ContactList;
			productReference = E9FF9DFE26E9195B009F20AC /* ContactList.app */;
			productType = "com.apple.product-type.application";
		};
/* End PBXNativeTarget section */

/* Begin PBXProject section */
		E9FF9DF626E9195B009F20AC /* Project object */ = {
			isa = PBXProject;
			attributes = {
				LastSwiftUpdateCheck = 1250;
				LastUpgradeCheck = 1250;
				TargetAttributes = {
					E9FF9DFD26E9195B009F20AC = {
						CreatedOnToolsVersion = 12.5.1;
					};
				};
			};
			buildConfigurationList = E9FF9DF926E9195B009F20AC /* Build configuration list for PBXProject "ContactList" */;
			compatibilityVersion = "Xcode 9.3";
			developmentRegion = en;
			hasScannedForEncodings = 0;
			knownRegions = (
				en,
				Base,
			);
			mainGroup = E9FF9DF526E9195B009F20AC;
			productRefGroup = E9FF9DFF26E9195B009F20AC /* Products */;
			projectDirPath = "";
			projectRoot = "";
			targets = (
				E9FF9DFD26E9195B009F20AC /* ContactList */,
			);
		};
/* End PBXProject section */

/* Begin PBXResourcesBuildPhase section */
		E9FF9DFC26E9195B009F20AC /* Resources */ = {
			isa = PBXResourcesBuildPhase;
			buildActionMask = 2147483647;
			files = (
				E9FF9E0E26E9195D009F20AC /* LaunchScreen.storyboard in Resources */,
				E9FF9E0B26E9195D009F20AC /* Assets.xcassets in Resources */,
				E9FF9E0926E9195B009F20AC /* Main.storyboard in Resources */,
			);
			runOnlyForDeploymentPostprocessing = 0;
		};
/* End PBXResourcesBuildPhase section */

/* Begin PBXSourcesBuildPhase section */
		E9FF9DFA26E9195B009F20AC /* Sources */ = {
			isa = PBXSourcesBuildPhase;
			buildActionMask = 2147483647;
			files = (
				E9FF9E1D26E9217C009F20AC /* Person.swift in Sources */,
				E9FF9E2026E92287009F20AC /* DataManager.swift in Sources */,
				E9FF9E1A26E92104009F20AC /* TabBarViewController.swift in Sources */,
				E9FF9E2626E942C7009F20AC /* PersonInfoViewController.swift in Sources */,
				E9FF9E0226E9195B009F20AC /* AppDelegate.swift in Sources */,
				E9FF9E0426E9195B009F20AC /* SceneDelegate.swift in Sources */,
				E9FF9E2226E92CB9009F20AC /* ContactListViewController.swift in Sources */,
				E9FF9E2426E92CFC009F20AC /* ExtendedContactListViewController.swift in Sources */,
			);
			runOnlyForDeploymentPostprocessing = 0;
		};
/* End PBXSourcesBuildPhase section */

/* Begin PBXVariantGroup section */
		E9FF9E0726E9195B009F20AC /* Main.storyboard */ = {
			isa = PBXVariantGroup;
			children = (
				E9FF9E0826E9195B009F20AC /* Base */,
			);
			name = Main.storyboard;
			sourceTree = "<group>";
		};
		E9FF9E0C26E9195D009F20AC /* LaunchScreen.storyboard */ = {
			isa = PBXVariantGroup;
			children = (
				E9FF9E0D26E9195D009F20AC /* Base */,
			);
			name = LaunchScreen.storyboard;
			sourceTree = "<group>";
		};
/* End PBXVariantGroup section */

/* Begin XCBuildConfiguration section */
		E9FF9E1026E9195D009F20AC /* Debug */ = {
			isa = XCBuildConfiguration;
			buildSettings = {
				ALWAYS_SEARCH_USER_PATHS = NO;
				CLANG_ANALYZER_NONNULL = YES;
				CLANG_ANALYZER_NUMBER_OBJECT_CONVERSION = YES_AGGRESSIVE;
				CLANG_CXX_LANGUAGE_STANDARD = "gnu++14";
				CLANG_CXX_LIBRARY = "libc++";
				CLANG_ENABLE_MODULES = YES;
				CLANG_ENABLE_OBJC_ARC = YES;
				CLANG_ENABLE_OBJC_WEAK = YES;
				CLANG_WARN_BLOCK_CAPTURE_AUTORELEASING = YES;
				CLANG_WARN_BOOL_CONVERSION = YES;
				CLANG_WARN_COMMA = YES;
				CLANG_WARN_CONSTANT_CONVERSION = YES;
				CLANG_WARN_DEPRECATED_OBJC_IMPLEMENTATIONS = YES;
				CLANG_WARN_DIRECT_OBJC_ISA_USAGE = YES_ERROR;
				CLANG_WARN_DOCUMENTATION_COMMENTS = YES;
				CLANG_WARN_EMPTY_BODY = YES;
				CLANG_WARN_ENUM_CONVERSION = YES;
				CLANG_WARN_INFINITE_RECURSION = YES;
				CLANG_WARN_INT_CONVERSION = YES;
				CLANG_WARN_NON_LITERAL_NULL_CONVERSION = YES;
				CLANG_WARN_OBJC_IMPLICIT_RETAIN_SELF = YES;
				CLANG_WARN_OBJC_LITERAL_CONVERSION = YES;
				CLANG_WARN_OBJC_ROOT_CLASS = YES_ERROR;
				CLANG_WARN_QUOTED_INCLUDE_IN_FRAMEWORK_HEADER = YES;
				CLANG_WARN_RANGE_LOOP_ANALYSIS = YES;
				CLANG_WARN_STRICT_PROTOTYPES = YES;
				CLANG_WARN_SUSPICIOUS_MOVE = YES;
				CLANG_WARN_UNGUARDED_AVAILABILITY = YES_AGGRESSIVE;
				CLANG_WARN_UNREACHABLE_CODE = YES;
				CLANG_WARN__DUPLICATE_METHOD_MATCH = YES;
				COPY_PHASE_STRIP = NO;
				DEBUG_INFORMATION_FORMAT = dwarf;
				ENABLE_STRICT_OBJC_MSGSEND = YES;
				ENABLE_TESTABILITY = YES;
				GCC_C_LANGUAGE_STANDARD = gnu11;
				GCC_DYNAMIC_NO_PIC = NO;
				GCC_NO_COMMON_BLOCKS = YES;
				GCC_OPTIMIZATION_LEVEL = 0;
				GCC_PREPROCESSOR_DEFINITIONS = (
					"DEBUG=1",
					"$(inherited)",
				);
				GCC_WARN_64_TO_32_BIT_CONVERSION = YES;
				GCC_WARN_ABOUT_RETURN_TYPE = YES_ERROR;
				GCC_WARN_UNDECLARED_SELECTOR = YES;
				GCC_WARN_UNINITIALIZED_AUTOS = YES_AGGRESSIVE;
				GCC_WARN_UNUSED_FUNCTION = YES;
				GCC_WARN_UNUSED_VARIABLE = YES;
				IPHONEOS_DEPLOYMENT_TARGET = 14.5;
				MTL_ENABLE_DEBUG_INFO = INCLUDE_SOURCE;
				MTL_FAST_MATH = YES;
				ONLY_ACTIVE_ARCH = YES;
				SDKROOT = iphoneos;
				SWIFT_ACTIVE_COMPILATION_CONDITIONS = DEBUG;
				SWIFT_OPTIMIZATION_LEVEL = "-Onone";
			};
			name = Debug;
		};
		E9FF9E1126E9195D009F20AC /* Release */ = {
			isa = XCBuildConfiguration;
			buildSettings = {
				ALWAYS_SEARCH_USER_PATHS = NO;
				CLANG_ANALYZER_NONNULL = YES;
				CLANG_ANALYZER_NUMBER_OBJECT_CONVERSION = YES_AGGRESSIVE;
				CLANG_CXX_LANGUAGE_STANDARD = "gnu++14";
				CLANG_CXX_LIBRARY = "libc++";
				CLANG_ENABLE_MODULES = YES;
				CLANG_ENABLE_OBJC_ARC = YES;
				CLANG_ENABLE_OBJC_WEAK = YES;
				CLANG_WARN_BLOCK_CAPTURE_AUTORELEASING = YES;
				CLANG_WARN_BOOL_CONVERSION = YES;
				CLANG_WARN_COMMA = YES;
				CLANG_WARN_CONSTANT_CONVERSION = YES;
				CLANG_WARN_DEPRECATED_OBJC_IMPLEMENTATIONS = YES;
				CLANG_WARN_DIRECT_OBJC_ISA_USAGE = YES_ERROR;
				CLANG_WARN_DOCUMENTATION_COMMENTS = YES;
				CLANG_WARN_EMPTY_BODY = YES;
				CLANG_WARN_ENUM_CONVERSION = YES;
				CLANG_WARN_INFINITE_RECURSION = YES;
				CLANG_WARN_INT_CONVERSION = YES;
				CLANG_WARN_NON_LITERAL_NULL_CONVERSION = YES;
				CLANG_WARN_OBJC_IMPLICIT_RETAIN_SELF = YES;
				CLANG_WARN_OBJC_LITERAL_CONVERSION = YES;
				CLANG_WARN_OBJC_ROOT_CLASS = YES_ERROR;
				CLANG_WARN_QUOTED_INCLUDE_IN_FRAMEWORK_HEADER = YES;
				CLANG_WARN_RANGE_LOOP_ANALYSIS = YES;
				CLANG_WARN_STRICT_PROTOTYPES = YES;
				CLANG_WARN_SUSPICIOUS_MOVE = YES;
				CLANG_WARN_UNGUARDED_AVAILABILITY = YES_AGGRESSIVE;
				CLANG_WARN_UNREACHABLE_CODE = YES;
				CLANG_WARN__DUPLICATE_METHOD_MATCH = YES;
				COPY_PHASE_STRIP = NO;
				DEBUG_INFORMATION_FORMAT = "dwarf-with-dsym";
				ENABLE_NS_ASSERTIONS = NO;
				ENABLE_STRICT_OBJC_MSGSEND = YES;
				GCC_C_LANGUAGE_STANDARD = gnu11;
				GCC_NO_COMMON_BLOCKS = YES;
				GCC_WARN_64_TO_32_BIT_CONVERSION = YES;
				GCC_WARN_ABOUT_RETURN_TYPE = YES_ERROR;
				GCC_WARN_UNDECLARED_SELECTOR = YES;
				GCC_WARN_UNINITIALIZED_AUTOS = YES_AGGRESSIVE;
				GCC_WARN_UNUSED_FUNCTION = YES;
				GCC_WARN_UNUSED_VARIABLE = YES;
				IPHONEOS_DEPLOYMENT_TARGET = 14.5;
				MTL_ENABLE_DEBUG_INFO = NO;
				MTL_FAST_MATH = YES;
				SDKROOT = iphoneos;
				SWIFT_COMPILATION_MODE = wholemodule;
				SWIFT_OPTIMIZATION_LEVEL = "-O";
				VALIDATE_PRODUCT = YES;
			};
			name = Release;
		};
		E9FF9E1326E9195D009F20AC /* Debug */ = {
			isa = XCBuildConfiguration;
			buildSettings = {
				ASSETCATALOG_COMPILER_APPICON_NAME = AppIcon;
				ASSETCATALOG_COMPILER_GLOBAL_ACCENT_COLOR_NAME = AccentColor;
				CODE_SIGN_STYLE = Automatic;
				INFOPLIST_FILE = ContactList/App/Info.plist;
				LD_RUNPATH_SEARCH_PATHS = (
					"$(inherited)",
					"@executable_path/Frameworks",
				);
				PRODUCT_BUNDLE_IDENTIFIER = upaffy.ContactList;
				PRODUCT_NAME = "$(TARGET_NAME)";
				SWIFT_VERSION = 5.0;
				TARGETED_DEVICE_FAMILY = "1,2";
			};
			name = Debug;
		};
		E9FF9E1426E9195D009F20AC /* Release */ = {
			isa = XCBuildConfiguration;
			buildSettings = {
				ASSETCATALOG_COMPILER_APPICON_NAME = AppIcon;
				ASSETCATALOG_COMPILER_GLOBAL_ACCENT_COLOR_NAME = AccentColor;
				CODE_SIGN_STYLE = Automatic;
				INFOPLIST_FILE = ContactList/App/Info.plist;
				LD_RUNPATH_SEARCH_PATHS = (
					"$(inherited)",
					"@executable_path/Frameworks",
				);
				PRODUCT_BUNDLE_IDENTIFIER = upaffy.ContactList;
				PRODUCT_NAME = "$(TARGET_NAME)";
				SWIFT_VERSION = 5.0;
				TARGETED_DEVICE_FAMILY = "1,2";
			};
			name = Release;
		};
/* End XCBuildConfiguration section */

/* Begin XCConfigurationList section */
		E9FF9DF926E9195B009F20AC /* Build configuration list for PBXProject "ContactList" */ = {
			isa = XCConfigurationList;
			buildConfigurations = (
				E9FF9E1026E9195D009F20AC /* Debug */,
				E9FF9E1126E9195D009F20AC /* Release */,
			);
			defaultConfigurationIsVisible = 0;
			defaultConfigurationName = Release;
		};
		E9FF9E1226E9195D009F20AC /* Build configuration list for PBXNativeTarget "ContactList" */ = {
			isa = XCConfigurationList;
			buildConfigurations = (
				E9FF9E1326E9195D009F20AC /* Debug */,
				E9FF9E1426E9195D009F20AC /* Release */,
			);
			defaultConfigurationIsVisible = 0;
			defaultConfigurationName = Release;
		};
/* End XCConfigurationList section */
	};
	rootObject = E9FF9DF626E9195B009F20AC /* Project object */;
}
